// !$*UTF8*$!
{
	archiveVersion = 1;
	classes = {
	};
	objectVersion = 77;
	objects = {

/* Begin PBXBuildFile section */
		03FFFC4FA9FFCAC55EF26EF4 /* BackupEngine in Frameworks */ = {isa = PBXBuildFile; productRef = CCD75FA3B1CFCAA7AB84B9FF /* BackupEngine */; };
		09FB6D6F991939AE98FE4BFF /* GeneralSettingsView.swift in Sources */ = {isa = PBXBuildFile; fileRef = ED13D0CAB95479AA9B34EF22 /* GeneralSettingsView.swift */; };
		2E14F2A9CC3A58FF7539D245 /* SchedulerTask.swift in Sources */ = {isa = PBXBuildFile; fileRef = A98A6301B23816142DABA6E8 /* SchedulerTask.swift */; };
		3B0EBB7AF214462EF759F7EC /* SettingsView.swift in Sources */ = {isa = PBXBuildFile; fileRef = DFEBAFBDC92A908BEAFF7A8E /* SettingsView.swift */; };
		64E43BEF8CF0A668B0FE0C43 /* LoginItemManager.swift in Sources */ = {isa = PBXBuildFile; fileRef = 9BB0D67C3271CBD56788ED7B /* LoginItemManager.swift */; };
		744B5A47C875637C5D3EA071 /* AboutView.swift in Sources */ = {isa = PBXBuildFile; fileRef = 464199FF160D335536B0A2A0 /* AboutView.swift */; };
		884E7F9C4621EFFB233EDC1D /* NotificationService.swift in Sources */ = {isa = PBXBuildFile; fileRef = 2846AF3A323A48FCCE4DA2A3 /* NotificationService.swift */; };
		8E608E29D0C743D9F4A7360D /* FSEventsWatcher.swift in Sources */ = {isa = PBXBuildFile; fileRef = 7970E3B43265061A90AAEAD7 /* FSEventsWatcher.swift */; };
		92B0E16F17FA3A59A3DCC219 /* BackupCoordinator.swift in Sources */ = {isa = PBXBuildFile; fileRef = 7BDFB08951CDD375D9C7C599 /* BackupCoordinator.swift */; };
		BF375D65F1CEE1D9A3149F28 /* WatchFoldersSettingsView.swift in Sources */ = {isa = PBXBuildFile; fileRef = D91859B870870C236A2FF15F /* WatchFoldersSettingsView.swift */; };
		DC8C62238A61A19355263867 /* AbletonBackupApp.swift in Sources */ = {isa = PBXBuildFile; fileRef = 2622B775BC5EF9FACCABBF9A /* AbletonBackupApp.swift */; };
		E5533C0A2DAEEC7C2F01974C /* AbletonPrefsReader.swift in Sources */ = {isa = PBXBuildFile; fileRef = C5EC795B5DEFDDA49828DCE5 /* AbletonPrefsReader.swift */; };
		EE6A7CB28763162021275DAE /* MenuBarView.swift in Sources */ = {isa = PBXBuildFile; fileRef = FA21EBE28DC3259149100E72 /* MenuBarView.swift */; };
/* End PBXBuildFile section */

/* Begin PBXFileReference section */
		2622B775BC5EF9FACCABBF9A /* AbletonBackupApp.swift */ = {isa = PBXFileReference; lastKnownFileType = sourcecode.swift; path = AbletonBackupApp.swift; sourceTree = "<group>"; };
		2846AF3A323A48FCCE4DA2A3 /* NotificationService.swift */ = {isa = PBXFileReference; lastKnownFileType = sourcecode.swift; path = NotificationService.swift; sourceTree = "<group>"; };
		464199FF160D335536B0A2A0 /* AboutView.swift */ = {isa = PBXFileReference; lastKnownFileType = sourcecode.swift; path = AboutView.swift; sourceTree = "<group>"; };
		66BAD9AD6D5905369985CCF0 /* CC */ = {isa = PBXFileReference; lastKnownFileType = folder; name = CC; path = .; sourceTree = SOURCE_ROOT; };
		7970E3B43265061A90AAEAD7 /* FSEventsWatcher.swift */ = {isa = PBXFileReference; lastKnownFileType = sourcecode.swift; path = FSEventsWatcher.swift; sourceTree = "<group>"; };
		7BDFB08951CDD375D9C7C599 /* BackupCoordinator.swift */ = {isa = PBXFileReference; lastKnownFileType = sourcecode.swift; path = BackupCoordinator.swift; sourceTree = "<group>"; };
		8A9964B7E7463A6A3706DC6E /* Info.plist */ = {isa = PBXFileReference; lastKnownFileType = text.plist; path = Info.plist; sourceTree = "<group>"; };
		926A0489CCD78BE5B2AC16F6 /* AbletonBackup.entitlements */ = {isa = PBXFileReference; lastKnownFileType = text.plist.entitlements; path = AbletonBackup.entitlements; sourceTree = "<group>"; };
		9BB0D67C3271CBD56788ED7B /* LoginItemManager.swift */ = {isa = PBXFileReference; lastKnownFileType = sourcecode.swift; path = LoginItemManager.swift; sourceTree = "<group>"; };
		A98A6301B23816142DABA6E8 /* SchedulerTask.swift */ = {isa = PBXFileReference; lastKnownFileType = sourcecode.swift; path = SchedulerTask.swift; sourceTree = "<group>"; };
		C5EC795B5DEFDDA49828DCE5 /* AbletonPrefsReader.swift */ = {isa = PBXFileReference; lastKnownFileType = sourcecode.swift; path = AbletonPrefsReader.swift; sourceTree = "<group>"; };
		D91859B870870C236A2FF15F /* WatchFoldersSettingsView.swift */ = {isa = PBXFileReference; lastKnownFileType = sourcecode.swift; path = WatchFoldersSettingsView.swift; sourceTree = "<group>"; };
		DFEBAFBDC92A908BEAFF7A8E /* SettingsView.swift */ = {isa = PBXFileReference; lastKnownFileType = sourcecode.swift; path = SettingsView.swift; sourceTree = "<group>"; };
		E097E23D50AE0BB3256F3DE4 /* AbletonBackup.app */ = {isa = PBXFileReference; explicitFileType = wrapper.application; includeInIndex = 0; path = AbletonBackup.app; sourceTree = BUILT_PRODUCTS_DIR; };
		ED13D0CAB95479AA9B34EF22 /* GeneralSettingsView.swift */ = {isa = PBXFileReference; lastKnownFileType = sourcecode.swift; path = GeneralSettingsView.swift; sourceTree = "<group>"; };
		FA21EBE28DC3259149100E72 /* MenuBarView.swift */ = {isa = PBXFileReference; lastKnownFileType = sourcecode.swift; path = MenuBarView.swift; sourceTree = "<group>"; };
/* End PBXFileReference section */

/* Begin PBXFrameworksBuildPhase section */
		953D3801051CF4A0E8BF0B43 /* Frameworks */ = {
			isa = PBXFrameworksBuildPhase;
			buildActionMask = 2147483647;
			files = (
				03FFFC4FA9FFCAC55EF26EF4 /* BackupEngine in Frameworks */,
			);
			runOnlyForDeploymentPostprocessing = 0;
		};
/* End PBXFrameworksBuildPhase section */

/* Begin PBXGroup section */
		6110D6DBA3D10E624FA6FE69 /* Settings */ = {
			isa = PBXGroup;
			children = (
				464199FF160D335536B0A2A0 /* AboutView.swift */,
				ED13D0CAB95479AA9B34EF22 /* GeneralSettingsView.swift */,
				DFEBAFBDC92A908BEAFF7A8E /* SettingsView.swift */,
				D91859B870870C236A2FF15F /* WatchFoldersSettingsView.swift */,
			);
			path = Settings;
			sourceTree = "<group>";
		};
		6854CDB578DE85D09BEC3D4E /* Products */ = {
			isa = PBXGroup;
			children = (
				E097E23D50AE0BB3256F3DE4 /* AbletonBackup.app */,
			);
			name = Products;
			sourceTree = "<group>";
		};
		BC7B7CA650A451957CDCC454 /* Packages */ = {
			isa = PBXGroup;
			children = (
				66BAD9AD6D5905369985CCF0 /* CC */,
			);
			name = Packages;
			sourceTree = "<group>";
		};
		CE15BB6F5EBA8D227080255D /* Views */ = {
			isa = PBXGroup;
			children = (
				FA21EBE28DC3259149100E72 /* MenuBarView.swift */,
				6110D6DBA3D10E624FA6FE69 /* Settings */,
			);
			path = Views;
			sourceTree = "<group>";
		};
		F423F0B6826E77F3B0E6BE86 /* AbletonBackup */ = {
			isa = PBXGroup;
			children = (
				926A0489CCD78BE5B2AC16F6 /* AbletonBackup.entitlements */,
				2622B775BC5EF9FACCABBF9A /* AbletonBackupApp.swift */,
				C5EC795B5DEFDDA49828DCE5 /* AbletonPrefsReader.swift */,
				7BDFB08951CDD375D9C7C599 /* BackupCoordinator.swift */,
				7970E3B43265061A90AAEAD7 /* FSEventsWatcher.swift */,
				8A9964B7E7463A6A3706DC6E /* Info.plist */,
				9BB0D67C3271CBD56788ED7B /* LoginItemManager.swift */,
				2846AF3A323A48FCCE4DA2A3 /* NotificationService.swift */,
				A98A6301B23816142DABA6E8 /* SchedulerTask.swift */,
				CE15BB6F5EBA8D227080255D /* Views */,
			);
			path = AbletonBackup;
			sourceTree = "<group>";
		};
		FC9FC95B6616CF83E5D47371 = {
			isa = PBXGroup;
			children = (
				F423F0B6826E77F3B0E6BE86 /* AbletonBackup */,
				BC7B7CA650A451957CDCC454 /* Packages */,
				6854CDB578DE85D09BEC3D4E /* Products */,
			);
			sourceTree = "<group>";
		};
/* End PBXGroup section */

/* Begin PBXNativeTarget section */
		FF2D061237108DD4A78833A6 /* AbletonBackup */ = {
			isa = PBXNativeTarget;
			buildConfigurationList = D5B2CDE9A186DDAA4BEEE0EE /* Build configuration list for PBXNativeTarget "AbletonBackup" */;
			buildPhases = (
				4C76467AEC087D2BE4C4BF90 /* Sources */,
				953D3801051CF4A0E8BF0B43 /* Frameworks */,
			);
			buildRules = (
			);
			dependencies = (
			);
			name = AbletonBackup;
			packageProductDependencies = (
				CCD75FA3B1CFCAA7AB84B9FF /* BackupEngine */,
			);
			productName = AbletonBackup;
			productReference = E097E23D50AE0BB3256F3DE4 /* AbletonBackup.app */;
			productType = "com.apple.product-type.application";
		};
/* End PBXNativeTarget section */

/* Begin PBXProject section */
		05AA0AAB63E8C23B2A3A3370 /* Project object */ = {
			isa = PBXProject;
			attributes = {
				BuildIndependentTargetsInParallel = YES;
				LastUpgradeCheck = 1600;
				TargetAttributes = {
					FF2D061237108DD4A78833A6 = {
						DevelopmentTeam = "";
						ProvisioningStyle = Automatic;
					};
				};
			};
			buildConfigurationList = 084A008F76B8DB6367C0056E /* Build configuration list for PBXProject "AbletonBackup" */;
			compatibilityVersion = "Xcode 14.0";
			developmentRegion = en;
			hasScannedForEncodings = 0;
			knownRegions = (
				Base,
				en,
			);
			mainGroup = FC9FC95B6616CF83E5D47371;
			minimizedProjectReferenceProxies = 1;
			packageReferences = (
				BC678FD0431EF63E049BE707 /* XCLocalSwiftPackageReference "." */,
			);
			preferredProjectObjectVersion = 77;
			projectDirPath = "";
			projectRoot = "";
			targets = (
				FF2D061237108DD4A78833A6 /* AbletonBackup */,
			);
		};
/* End PBXProject section */

/* Begin PBXSourcesBuildPhase section */
		4C76467AEC087D2BE4C4BF90 /* Sources */ = {
			isa = PBXSourcesBuildPhase;
			buildActionMask = 2147483647;
			files = (
				DC8C62238A61A19355263867 /* AbletonBackupApp.swift in Sources */,
				E5533C0A2DAEEC7C2F01974C /* AbletonPrefsReader.swift in Sources */,
				744B5A47C875637C5D3EA071 /* AboutView.swift in Sources */,
				92B0E16F17FA3A59A3DCC219 /* BackupCoordinator.swift in Sources */,
				8E608E29D0C743D9F4A7360D /* FSEventsWatcher.swift in Sources */,
				09FB6D6F991939AE98FE4BFF /* GeneralSettingsView.swift in Sources */,
				64E43BEF8CF0A668B0FE0C43 /* LoginItemManager.swift in Sources */,
				EE6A7CB28763162021275DAE /* MenuBarView.swift in Sources */,
				884E7F9C4621EFFB233EDC1D /* NotificationService.swift in Sources */,
				2E14F2A9CC3A58FF7539D245 /* SchedulerTask.swift in Sources */,
				3B0EBB7AF214462EF759F7EC /* SettingsView.swift in Sources */,
				BF375D65F1CEE1D9A3149F28 /* WatchFoldersSettingsView.swift in Sources */,
			);
			runOnlyForDeploymentPostprocessing = 0;
		};
/* End PBXSourcesBuildPhase section */

/* Begin XCBuildConfiguration section */
		28CF775E6293C75770F4B986 /* Release */ = {
			isa = XCBuildConfiguration;
			buildSettings = {
				ASSETCATALOG_COMPILER_APPICON_NAME = AppIcon;
				CODE_SIGN_ENTITLEMENTS = AbletonBackup/AbletonBackup.entitlements;
				COMBINE_HIDPI_IMAGES = YES;
				ENABLE_HARDENED_RUNTIME = YES;
				INFOPLIST_FILE = AbletonBackup/Info.plist;
				LD_RUNPATH_SEARCH_PATHS = (
					"$(inherited)",
					"@executable_path/../Frameworks",
				);
				MACOSX_DEPLOYMENT_TARGET = 14.0;
				PRODUCT_BUNDLE_IDENTIFIER = com.ericwaetke.AbletonBackup;
				SDKROOT = macosx;
				SWIFT_STRICT_CONCURRENCY = complete;
				SWIFT_VERSION = 6.0;
			};
			name = Release;
		};
		4A8AC7B86DFCC1B71D16C686 /* Debug */ = {
			isa = XCBuildConfiguration;
			buildSettings = {
				ASSETCATALOG_COMPILER_APPICON_NAME = AppIcon;
				CODE_SIGN_ENTITLEMENTS = AbletonBackup/AbletonBackup.entitlements;
				COMBINE_HIDPI_IMAGES = YES;
				ENABLE_HARDENED_RUNTIME = YES;
				INFOPLIST_FILE = AbletonBackup/Info.plist;
				LD_RUNPATH_SEARCH_PATHS = (
					"$(inherited)",
					"@executable_path/../Frameworks",
				);
				MACOSX_DEPLOYMENT_TARGET = 14.0;
				PRODUCT_BUNDLE_IDENTIFIER = com.ericwaetke.AbletonBackup;
				SDKROOT = macosx;
				SWIFT_STRICT_CONCURRENCY = complete;
				SWIFT_VERSION = 6.0;
			};
			name = Debug;
		};
		821F4E7FAD3B40A9BE7C91EC /* Debug */ = {
			isa = XCBuildConfiguration;
			buildSettings = {
				ALWAYS_SEARCH_USER_PATHS = NO;
				CLANG_ANALYZER_NONNULL = YES;
				CLANG_ANALYZER_NUMBER_OBJECT_CONVERSION = YES_AGGRESSIVE;
				CLANG_CXX_LANGUAGE_STANDARD = "gnu++14";
				CLANG_CXX_LIBRARY = "libc++";
				CLANG_ENABLE_MODULES = YES;
				CLANG_ENABLE_OBJC_ARC = YES;
				CLANG_ENABLE_OBJC_WEAK = YES;
				CLANG_WARN_BLOCK_CAPTURE_AUTORELEASING = YES;
				CLANG_WARN_BOOL_CONVERSION = YES;
				CLANG_WARN_COMMA = YES;
				CLANG_WARN_CONSTANT_CONVERSION = YES;
				CLANG_WARN_DEPRECATED_OBJC_IMPLEMENTATIONS = YES;
				CLANG_WARN_DIRECT_OBJC_ISA_USAGE = YES_ERROR;
				CLANG_WARN_DOCUMENTATION_COMMENTS = YES;
				CLANG_WARN_EMPTY_BODY = YES;
				CLANG_WARN_ENUM_CONVERSION = YES;
				CLANG_WARN_INFINITE_RECURSION = YES;
				CLANG_WARN_INT_CONVERSION = YES;
				CLANG_WARN_NON_LITERAL_NULL_CONVERSION = YES;
				CLANG_WARN_OBJC_IMPLICIT_RETAIN_SELF = YES;
				CLANG_WARN_OBJC_LITERAL_CONVERSION = YES;
				CLANG_WARN_OBJC_ROOT_CLASS = YES_ERROR;
				CLANG_WARN_QUOTED_INCLUDE_IN_FRAMEWORK_HEADER = YES;
				CLANG_WARN_RANGE_LOOP_ANALYSIS = YES;
				CLANG_WARN_STRICT_PROTOTYPES = YES;
				CLANG_WARN_SUSPICIOUS_MOVE = YES;
				CLANG_WARN_UNGUARDED_AVAILABILITY = YES_AGGRESSIVE;
				CLANG_WARN_UNREACHABLE_CODE = YES;
				CLANG_WARN__DUPLICATE_METHOD_MATCH = YES;
				CODE_SIGN_STYLE = Automatic;
				COPY_PHASE_STRIP = NO;
				DEBUG_INFORMATION_FORMAT = dwarf;
				DEVELOPMENT_TEAM = "";
				ENABLE_STRICT_OBJC_MSGSEND = YES;
				ENABLE_TESTABILITY = YES;
				GCC_C_LANGUAGE_STANDARD = gnu11;
				GCC_DYNAMIC_NO_PIC = NO;
				GCC_NO_COMMON_BLOCKS = YES;
				GCC_OPTIMIZATION_LEVEL = 0;
				GCC_PREPROCESSOR_DEFINITIONS = (
					"$(inherited)",
					"DEBUG=1",
				);
				GCC_WARN_64_TO_32_BIT_CONVERSION = YES;
				GCC_WARN_ABOUT_RETURN_TYPE = YES_ERROR;
				GCC_WARN_UNDECLARED_SELECTOR = YES;
				GCC_WARN_UNINITIALIZED_AUTOS = YES_AGGRESSIVE;
				GCC_WARN_UNUSED_FUNCTION = YES;
				GCC_WARN_UNUSED_VARIABLE = YES;
				MACOSX_DEPLOYMENT_TARGET = 14.0;
				MTL_ENABLE_DEBUG_INFO = INCLUDE_SOURCE;
				MTL_FAST_MATH = YES;
				ONLY_ACTIVE_ARCH = YES;
				PRODUCT_NAME = "$(TARGET_NAME)";
				SDKROOT = macosx;
				SWIFT_ACTIVE_COMPILATION_CONDITIONS = DEBUG;
				SWIFT_OPTIMIZATION_LEVEL = "-Onone";
				SWIFT_STRICT_CONCURRENCY = complete;
				SWIFT_VERSION = 6.0;
			};
			name = Debug;
		};
		E86F0BDDF2A5818F2CFB072B /* Release */ = {
			isa = XCBuildConfiguration;
			buildSettings = {
				ALWAYS_SEARCH_USER_PATHS = NO;
				CLANG_ANALYZER_NONNULL = YES;
				CLANG_ANALYZER_NUMBER_OBJECT_CONVERSION = YES_AGGRESSIVE;
				CLANG_CXX_LANGUAGE_STANDARD = "gnu++14";
				CLANG_CXX_LIBRARY = "libc++";
				CLANG_ENABLE_MODULES = YES;
				CLANG_ENABLE_OBJC_ARC = YES;
				CLANG_ENABLE_OBJC_WEAK = YES;
				CLANG_WARN_BLOCK_CAPTURE_AUTORELEASING = YES;
				CLANG_WARN_BOOL_CONVERSION = YES;
				CLANG_WARN_COMMA = YES;
				CLANG_WARN_CONSTANT_CONVERSION = YES;
				CLANG_WARN_DEPRECATED_OBJC_IMPLEMENTATIONS = YES;
				CLANG_WARN_DIRECT_OBJC_ISA_USAGE = YES_ERROR;
				CLANG_WARN_DOCUMENTATION_COMMENTS = YES;
				CLANG_WARN_EMPTY_BODY = YES;
				CLANG_WARN_ENUM_CONVERSION = YES;
				CLANG_WARN_INFINITE_RECURSION = YES;
				CLANG_WARN_INT_CONVERSION = YES;
				CLANG_WARN_NON_LITERAL_NULL_CONVERSION = YES;
				CLANG_WARN_OBJC_IMPLICIT_RETAIN_SELF = YES;
				CLANG_WARN_OBJC_LITERAL_CONVERSION = YES;
				CLANG_WARN_OBJC_ROOT_CLASS = YES_ERROR;
				CLANG_WARN_QUOTED_INCLUDE_IN_FRAMEWORK_HEADER = YES;
				CLANG_WARN_RANGE_LOOP_ANALYSIS = YES;
				CLANG_WARN_STRICT_PROTOTYPES = YES;
				CLANG_WARN_SUSPICIOUS_MOVE = YES;
				CLANG_WARN_UNGUARDED_AVAILABILITY = YES_AGGRESSIVE;
				CLANG_WARN_UNREACHABLE_CODE = YES;
				CLANG_WARN__DUPLICATE_METHOD_MATCH = YES;
				CODE_SIGN_STYLE = Automatic;
				COPY_PHASE_STRIP = NO;
				DEBUG_INFORMATION_FORMAT = "dwarf-with-dsym";
				DEVELOPMENT_TEAM = "";
				ENABLE_NS_ASSERTIONS = NO;
				ENABLE_STRICT_OBJC_MSGSEND = YES;
				GCC_C_LANGUAGE_STANDARD = gnu11;
				GCC_NO_COMMON_BLOCKS = YES;
				GCC_WARN_64_TO_32_BIT_CONVERSION = YES;
				GCC_WARN_ABOUT_RETURN_TYPE = YES_ERROR;
				GCC_WARN_UNDECLARED_SELECTOR = YES;
				GCC_WARN_UNINITIALIZED_AUTOS = YES_AGGRESSIVE;
				GCC_WARN_UNUSED_FUNCTION = YES;
				GCC_WARN_UNUSED_VARIABLE = YES;
				MACOSX_DEPLOYMENT_TARGET = 14.0;
				MTL_ENABLE_DEBUG_INFO = NO;
				MTL_FAST_MATH = YES;
				PRODUCT_NAME = "$(TARGET_NAME)";
				SDKROOT = macosx;
				SWIFT_COMPILATION_MODE = wholemodule;
				SWIFT_OPTIMIZATION_LEVEL = "-O";
				SWIFT_STRICT_CONCURRENCY = complete;
				SWIFT_VERSION = 6.0;
			};
			name = Release;
		};
/* End XCBuildConfiguration section */

/* Begin XCConfigurationList section */
		084A008F76B8DB6367C0056E /* Build configuration list for PBXProject "AbletonBackup" */ = {
			isa = XCConfigurationList;
			buildConfigurations = (
				821F4E7FAD3B40A9BE7C91EC /* Debug */,
				E86F0BDDF2A5818F2CFB072B /* Release */,
			);
			defaultConfigurationIsVisible = 0;
			defaultConfigurationName = Debug;
		};
		D5B2CDE9A186DDAA4BEEE0EE /* Build configuration list for PBXNativeTarget "AbletonBackup" */ = {
			isa = XCConfigurationList;
			buildConfigurations = (
				4A8AC7B86DFCC1B71D16C686 /* Debug */,
				28CF775E6293C75770F4B986 /* Release */,
			);
			defaultConfigurationIsVisible = 0;
			defaultConfigurationName = Debug;
		};
/* End XCConfigurationList section */

/* Begin XCLocalSwiftPackageReference section */
		BC678FD0431EF63E049BE707 /* XCLocalSwiftPackageReference "." */ = {
			isa = XCLocalSwiftPackageReference;
			relativePath = .;
		};
/* End XCLocalSwiftPackageReference section */

/* Begin XCSwiftPackageProductDependency section */
		CCD75FA3B1CFCAA7AB84B9FF /* BackupEngine */ = {
			isa = XCSwiftPackageProductDependency;
			productName = BackupEngine;
		};
/* End XCSwiftPackageProductDependency section */
	};
	rootObject = 05AA0AAB63E8C23B2A3A3370 /* Project object */;
}
